
Microsoft Visual Studio Solution File, Format Version 12.00
# Visual Studio Version 16
VisualStudioVersion = 16.0.29102.190
MinimumVisualStudioVersion = 10.0.40219.1
Project("{FAE04EC0-301F-11D3-BF4B-00C04F79EFBC}") = "HW05.Task1", "HW05.Task1\HW05.Task1.csproj", "{338C892A-1842-47EB-9189-8D55E716419A}"
EndProject
Project("{FAE04EC0-301F-11D3-BF4B-00C04F79EFBC}") = "HW05.Task2", "HW05.Task2\HW05.Task2.csproj", "{F25B8268-E05C-4958-A5C6-A1946C8AE61E}"
EndProject
Project("{FAE04EC0-301F-11D3-BF4B-00C04F79EFBC}") = "HW05.Task3", "HW05.Task3\HW05.Task3.csproj", "{A26D07C5-14C6-4138-A4E8-DBD80F71E92B}"
EndProject
Project("{FAE04EC0-301F-11D3-BF4B-00C04F79EFBC}") = "HW07.Task1", "HW07.Task1\HW07.Task1.csproj", "{DAB2B858-F9CB-47D6-B23A-446494F589E9}"
EndProject
Project("{FAE04EC0-301F-11D3-BF4B-00C04F79EFBC}") = "HW07.Task2", "HW07.Task2\HW07.Task2.csproj", "{B94D9EB4-9891-4814-A229-9C592BB710DF}"
EndProject
Project("{FAE04EC0-301F-11D3-BF4B-00C04F79EFBC}") = "HW07.Task3", "HW07.Task3\HW07.Task3.csproj", "{8BCE38C3-52E8-4954-BA06-CDBB132FF5E8}"
EndProject
Project("{FAE04EC0-301F-11D3-BF4B-00C04F79EFBC}") = "HW08.Task1", "HW08.Task1\HW08.Task1.csproj", "{004F84A5-7E2A-4BAE-8CEA-C70AC90BA869}"
EndProject
Project("{FAE04EC0-301F-11D3-BF4B-00C04F79EFBC}") = "HW08.Task2", "HW08.Task2\HW08.Task2.csproj", "{FD92D15D-E784-4CCF-8C7E-7B6BDB86F26E}"
EndProject
Project("{FAE04EC0-301F-11D3-BF4B-00C04F79EFBC}") = "AssemblyTwo", "AssemblyTwo\AssemblyTwo.csproj", "{8122EC79-7EF8-4930-A9FD-8CBBCDB27C2F}"
EndProject
Project("{FAE04EC0-301F-11D3-BF4B-00C04F79EFBC}") = "AssemblyOne", "AssemblyOne\AssemblyOne.csproj", "{8F458D59-248C-45AF-A04B-F305DEC83125}"
EndProject
Project("{FAE04EC0-301F-11D3-BF4B-00C04F79EFBC}") = "HW10.Task1", "HW10.Task1\HW10.Task1.csproj", "{FFEF0F9E-81FF-4354-8A43-08EB318200F5}"
EndProject
Project("{FAE04EC0-301F-11D3-BF4B-00C04F79EFBC}") = "HW11.Task1", "HW11.Task1\HW11.Task1.csproj", "{390DE637-4B9F-4144-A935-DD38454A4708}"
EndProject
Project("{FAE04EC0-301F-11D3-BF4B-00C04F79EFBC}") = "HW04.Task1", "HW04.Task1\HW04.Task1.csproj", "{D5123EDC-1EF0-4C50-B46F-B7A7459FF61C}"
EndProject
Project("{FAE04EC0-301F-11D3-BF4B-00C04F79EFBC}") = "HW04.Task2", "HW04.Task2\HW04.Task2.csproj", "{4BFB801F-4181-452E-B969-67013DE466C9}"
EndProject
Project("{FAE04EC0-301F-11D3-BF4B-00C04F79EFBC}") = "HW03.Task1", "HW03.Task1\HW03.Task1.csproj", "{9C78D283-5166-41DE-A468-9A4D76966576}"
EndProject
Project("{FAE04EC0-301F-11D3-BF4B-00C04F79EFBC}") = "HW02.Task1", "HW02.Task1\HW02.Task1.csproj", "{A4198718-491D-4A5B-BEB9-DB2E64C27358}"
EndProject
Project("{FAE04EC0-301F-11D3-BF4B-00C04F79EFBC}") = "HW02.Task2", "HW02.Task2\HW02.Task2.csproj", "{B1FF4960-A315-485D-A43D-F70F451FAE23}"
EndProject
Global
	GlobalSection(SolutionConfigurationPlatforms) = preSolution
		Debug|Any CPU = Debug|Any CPU
		Release|Any CPU = Release|Any CPU
	EndGlobalSection
	GlobalSection(ProjectConfigurationPlatforms) = postSolution
		{338C892A-1842-47EB-9189-8D55E716419A}.Debug|Any CPU.ActiveCfg = Debug|Any CPU
		{338C892A-1842-47EB-9189-8D55E716419A}.Debug|Any CPU.Build.0 = Debug|Any CPU
		{338C892A-1842-47EB-9189-8D55E716419A}.Release|Any CPU.ActiveCfg = Release|Any CPU
		{338C892A-1842-47EB-9189-8D55E716419A}.Release|Any CPU.Build.0 = Release|Any CPU
		{F25B8268-E05C-4958-A5C6-A1946C8AE61E}.Debug|Any CPU.ActiveCfg = Debug|Any CPU
		{F25B8268-E05C-4958-A5C6-A1946C8AE61E}.Debug|Any CPU.Build.0 = Debug|Any CPU
		{F25B8268-E05C-4958-A5C6-A1946C8AE61E}.Release|Any CPU.ActiveCfg = Release|Any CPU
		{F25B8268-E05C-4958-A5C6-A1946C8AE61E}.Release|Any CPU.Build.0 = Release|Any CPU
		{A26D07C5-14C6-4138-A4E8-DBD80F71E92B}.Debug|Any CPU.ActiveCfg = Debug|Any CPU
		{A26D07C5-14C6-4138-A4E8-DBD80F71E92B}.Debug|Any CPU.Build.0 = Debug|Any CPU
		{A26D07C5-14C6-4138-A4E8-DBD80F71E92B}.Release|Any CPU.ActiveCfg = Release|Any CPU
		{A26D07C5-14C6-4138-A4E8-DBD80F71E92B}.Release|Any CPU.Build.0 = Release|Any CPU
		{DAB2B858-F9CB-47D6-B23A-446494F589E9}.Debug|Any CPU.ActiveCfg = Debug|Any CPU
		{DAB2B858-F9CB-47D6-B23A-446494F589E9}.Debug|Any CPU.Build.0 = Debug|Any CPU
		{DAB2B858-F9CB-47D6-B23A-446494F589E9}.Release|Any CPU.ActiveCfg = Release|Any CPU
		{DAB2B858-F9CB-47D6-B23A-446494F589E9}.Release|Any CPU.Build.0 = Release|Any CPU
		{B94D9EB4-9891-4814-A229-9C592BB710DF}.Debug|Any CPU.ActiveCfg = Debug|Any CPU
		{B94D9EB4-9891-4814-A229-9C592BB710DF}.Debug|Any CPU.Build.0 = Debug|Any CPU
		{B94D9EB4-9891-4814-A229-9C592BB710DF}.Release|Any CPU.ActiveCfg = Release|Any CPU
		{B94D9EB4-9891-4814-A229-9C592BB710DF}.Release|Any CPU.Build.0 = Release|Any CPU
		{8BCE38C3-52E8-4954-BA06-CDBB132FF5E8}.Debug|Any CPU.ActiveCfg = Debug|Any CPU
		{8BCE38C3-52E8-4954-BA06-CDBB132FF5E8}.Debug|Any CPU.Build.0 = Debug|Any CPU
		{8BCE38C3-52E8-4954-BA06-CDBB132FF5E8}.Release|Any CPU.ActiveCfg = Release|Any CPU
		{8BCE38C3-52E8-4954-BA06-CDBB132FF5E8}.Release|Any CPU.Build.0 = Release|Any CPU
		{004F84A5-7E2A-4BAE-8CEA-C70AC90BA869}.Debug|Any CPU.ActiveCfg = Debug|Any CPU
		{004F84A5-7E2A-4BAE-8CEA-C70AC90BA869}.Debug|Any CPU.Build.0 = Debug|Any CPU
		{004F84A5-7E2A-4BAE-8CEA-C70AC90BA869}.Release|Any CPU.ActiveCfg = Release|Any CPU
		{004F84A5-7E2A-4BAE-8CEA-C70AC90BA869}.Release|Any CPU.Build.0 = Release|Any CPU
		{FD92D15D-E784-4CCF-8C7E-7B6BDB86F26E}.Debug|Any CPU.ActiveCfg = Debug|Any CPU
		{FD92D15D-E784-4CCF-8C7E-7B6BDB86F26E}.Debug|Any CPU.Build.0 = Debug|Any CPU
		{FD92D15D-E784-4CCF-8C7E-7B6BDB86F26E}.Release|Any CPU.ActiveCfg = Release|Any CPU
		{FD92D15D-E784-4CCF-8C7E-7B6BDB86F26E}.Release|Any CPU.Build.0 = Release|Any CPU
		{8122EC79-7EF8-4930-A9FD-8CBBCDB27C2F}.Debug|Any CPU.ActiveCfg = Debug|Any CPU
		{8122EC79-7EF8-4930-A9FD-8CBBCDB27C2F}.Debug|Any CPU.Build.0 = Debug|Any CPU
		{8122EC79-7EF8-4930-A9FD-8CBBCDB27C2F}.Release|Any CPU.ActiveCfg = Release|Any CPU
		{8122EC79-7EF8-4930-A9FD-8CBBCDB27C2F}.Release|Any CPU.Build.0 = Release|Any CPU
		{8F458D59-248C-45AF-A04B-F305DEC83125}.Debug|Any CPU.ActiveCfg = Debug|Any CPU
		{8F458D59-248C-45AF-A04B-F305DEC83125}.Debug|Any CPU.Build.0 = Debug|Any CPU
		{8F458D59-248C-45AF-A04B-F305DEC83125}.Release|Any CPU.ActiveCfg = Release|Any CPU
		{8F458D59-248C-45AF-A04B-F305DEC83125}.Release|Any CPU.Build.0 = Release|Any CPU
		{FFEF0F9E-81FF-4354-8A43-08EB318200F5}.Debug|Any CPU.ActiveCfg = Debug|Any CPU
		{FFEF0F9E-81FF-4354-8A43-08EB318200F5}.Debug|Any CPU.Build.0 = Debug|Any CPU
		{FFEF0F9E-81FF-4354-8A43-08EB318200F5}.Release|Any CPU.ActiveCfg = Release|Any CPU
		{FFEF0F9E-81FF-4354-8A43-08EB318200F5}.Release|Any CPU.Build.0 = Release|Any CPU
		{390DE637-4B9F-4144-A935-DD38454A4708}.Debug|Any CPU.ActiveCfg = Debug|Any CPU
		{390DE637-4B9F-4144-A935-DD38454A4708}.Debug|Any CPU.Build.0 = Debug|Any CPU
		{390DE637-4B9F-4144-A935-DD38454A4708}.Release|Any CPU.ActiveCfg = Release|Any CPU
		{390DE637-4B9F-4144-A935-DD38454A4708}.Release|Any CPU.Build.0 = Release|Any CPU
		{D5123EDC-1EF0-4C50-B46F-B7A7459FF61C}.Debug|Any CPU.ActiveCfg = Debug|Any CPU
		{D5123EDC-1EF0-4C50-B46F-B7A7459FF61C}.Debug|Any CPU.Build.0 = Debug|Any CPU
		{D5123EDC-1EF0-4C50-B46F-B7A7459FF61C}.Release|Any CPU.ActiveCfg = Release|Any CPU
		{D5123EDC-1EF0-4C50-B46F-B7A7459FF61C}.Release|Any CPU.Build.0 = Release|Any CPU
		{4BFB801F-4181-452E-B969-67013DE466C9}.Debug|Any CPU.ActiveCfg = Debug|Any CPU
		{4BFB801F-4181-452E-B969-67013DE466C9}.Debug|Any CPU.Build.0 = Debug|Any CPU
		{4BFB801F-4181-452E-B969-67013DE466C9}.Release|Any CPU.ActiveCfg = Release|Any CPU
		{4BFB801F-4181-452E-B969-67013DE466C9}.Release|Any CPU.Build.0 = Release|Any CPU
		{9C78D283-5166-41DE-A468-9A4D76966576}.Debug|Any CPU.ActiveCfg = Debug|Any CPU
		{9C78D283-5166-41DE-A468-9A4D76966576}.Debug|Any CPU.Build.0 = Debug|Any CPU
		{9C78D283-5166-41DE-A468-9A4D76966576}.Release|Any CPU.ActiveCfg = Release|Any CPU
		{9C78D283-5166-41DE-A468-9A4D76966576}.Release|Any CPU.Build.0 = Release|Any CPU
		{A4198718-491D-4A5B-BEB9-DB2E64C27358}.Debug|Any CPU.ActiveCfg = Debug|Any CPU
		{A4198718-491D-4A5B-BEB9-DB2E64C27358}.Debug|Any CPU.Build.0 = Debug|Any CPU
		{A4198718-491D-4A5B-BEB9-DB2E64C27358}.Release|Any CPU.ActiveCfg = Release|Any CPU
		{A4198718-491D-4A5B-BEB9-DB2E64C27358}.Release|Any CPU.Build.0 = Release|Any CPU
		{B1FF4960-A315-485D-A43D-F70F451FAE23}.Debug|Any CPU.ActiveCfg = Debug|Any CPU
		{B1FF4960-A315-485D-A43D-F70F451FAE23}.Debug|Any CPU.Build.0 = Debug|Any CPU
		{B1FF4960-A315-485D-A43D-F70F451FAE23}.Release|Any CPU.ActiveCfg = Release|Any CPU
		{B1FF4960-A315-485D-A43D-F70F451FAE23}.Release|Any CPU.Build.0 = Release|Any CPU
	EndGlobalSection
	GlobalSection(SolutionProperties) = preSolution
		HideSolutionNode = FALSE
	EndGlobalSection
	GlobalSection(ExtensibilityGlobals) = postSolution
		SolutionGuid = {37FAA847-6C38-4E15-BB75-EB1B7384FA1B}
	EndGlobalSection
EndGlobal
